{
  "nodes": {
    "home-manager": {
      "inputs": {
        "nixpkgs": [
          "nixpkgs"
        ]
      },
      "locked": {
        "lastModified": 1729174520,
        "narHash": "sha256-QxCAdgQdeIOaCiE0Sr23s9lD0+T1b/wuz5pSiGwNrCQ=",
        "owner": "nix-community",
        "repo": "home-manager",
        "rev": "e78cbb20276f09c1802e62d2f77fc93ec32da268",
        "type": "github"
      },
      "original": {
        "owner": "nix-community",
        "repo": "home-manager",
        "type": "github"
      }
    },
    "nixpkgs": {
      "locked": {
        "lastModified": 1729203832,
        "narHash": "sha256-VEEO36CbvQDjJvjsyVnbcKxhD+U0ChLNqNCjOfrViCk=",
        "owner": "nixos",
        "repo": "nixpkgs",
        "rev": "9e3772cdac0352b8f18065ff17fb8d156e3f95f1",
        "type": "github"
      },
      "original": {
        "owner": "nixos",
        "repo": "nixpkgs",
        "rev": "9e3772cdac0352b8f18065ff17fb8d156e3f95f1",
        "type": "github"
      }
    },
    "root": {
      "inputs": {
        "home-manager": "home-manager",
        "nixpkgs": "nixpkgs"
      }
    }
  },
  "root": "root",
  "version": 7
}
